<?xml version="1.0" encoding="utf-8"?>
<Project ToolsVersion="4.0" xmlns="http://schemas.microsoft.com/developer/msbuild/2003">
  <ItemGroup>
    <Filter Include="소스 파일">
      <UniqueIdentifier>{4FC737F1-C7A5-4376-A066-2A32D752A2FF}</UniqueIdentifier>
      <Extensions>cpp;c;cc;cxx;def;odl;idl;hpj;bat;asm;asmx</Extensions>
    </Filter>
    <Filter Include="헤더 파일">
      <UniqueIdentifier>{93995380-89BD-4b04-88EB-625FBE52EBFB}</UniqueIdentifier>
      <Extensions>h;hh;hpp;hxx;hm;inl;inc;ipp;xsd</Extensions>
    </Filter>
    <Filter Include="리소스 파일">
      <UniqueIdentifier>{67DA6AB6-F800-4c08-8B7A-83BB121AAD01}</UniqueIdentifier>
      <Extensions>rc;ico;cur;bmp;dlg;rc2;rct;bin;rgs;gif;jpg;jpeg;jpe;resx;tiff;tif;png;wav;mfcribbon-ms</Extensions>
    </Filter>
    <Filter Include="소스 파일\HW2">
      <UniqueIdentifier>{0e4bc2e9-4b29-41b1-95d7-56ff35f9ba59}</UniqueIdentifier>
    </Filter>
    <Filter Include="소스 파일\HW1">
      <UniqueIdentifier>{1a66ebb9-5422-4deb-b5f5-7eacefcbecfd}</UniqueIdentifier>
    </Filter>
    <Filter Include="소스 파일\Tree">
      <UniqueIdentifier>{d3095e1b-f0fb-43a8-a205-60cf0826986e}</UniqueIdentifier>
    </Filter>
    <Filter Include="소스 파일\Priority_Queue">
      <UniqueIdentifier>{448f7140-2c1a-494e-83c4-0ef13ace904d}</UniqueIdentifier>
    </Filter>
    <Filter Include="소스 파일\Test">
      <UniqueIdentifier>{7aaca679-cbca-485f-8726-7a64eae14098}</UniqueIdentifier>
    </Filter>
    <Filter Include="소스 파일\Graph">
      <UniqueIdentifier>{8977bcef-ef1e-47f8-bf31-33464fd1d56f}</UniqueIdentifier>
    </Filter>
    <Filter Include="소스 파일\Sort">
      <UniqueIdentifier>{f6cdbfe4-ebe5-4188-91be-5a614501f698}</UniqueIdentifier>
    </Filter>
  </ItemGroup>
  <ItemGroup>
    <ClCompile Include="HW2.c">
      <Filter>소스 파일\HW2</Filter>
    </ClCompile>
    <ClCompile Include="hw2Test.c">
      <Filter>소스 파일\HW2</Filter>
    </ClCompile>
    <ClCompile Include="HW1.c">
      <Filter>소스 파일\HW1</Filter>
    </ClCompile>
    <ClCompile Include="이중포인터예제2.c">
      <Filter>소스 파일\HW1</Filter>
    </ClCompile>
    <ClCompile Include="test.c">
      <Filter>소스 파일\HW1</Filter>
    </ClCompile>
    <ClCompile Include="Example8.4_Recursion.c">
      <Filter>소스 파일\Tree</Filter>
    </ClCompile>
    <ClCompile Include="Example8.5_Lever_Circuit_Program.c">
      <Filter>소스 파일\Tree</Filter>
    </ClCompile>
    <ClCompile Include="강민.cpp">
      <Filter>소스 파일\HW2</Filter>
    </ClCompile>
    <ClCompile Include="Example9.3_HeapTreeTestProgram.c">
      <Filter>소스 파일\Priority_Queue</Filter>
    </ClCompile>
    <ClCompile Include="소스.c">
      <Filter>소스 파일\Test</Filter>
    </ClCompile>
    <ClCompile Include="히프 정렬.c">
      <Filter>소스 파일\Test</Filter>
    </ClCompile>
    <ClCompile Include="Example9.4_HeapSort.c">
      <Filter>소스 파일\Priority_Queue</Filter>
    </ClCompile>
    <ClCompile Include="Example9.5_LPT Program.c">
      <Filter>소스 파일\Priority_Queue</Filter>
    </ClCompile>
    <ClCompile Include="Example9.6_허프만_코드.c">
      <Filter>소스 파일\Priority_Queue</Filter>
    </ClCompile>
    <ClCompile Include="DFS_Example.c">
      <Filter>소스 파일\Graph</Filter>
    </ClCompile>
    <ClCompile Include="Example12.3_Insertion_Sort.cpp">
      <Filter>소스 파일\Sort</Filter>
    </ClCompile>
  </ItemGroup>
  <ItemGroup>
    <Text Include="data_2.txt">
      <Filter>소스 파일\HW2</Filter>
    </Text>
    <Text Include="data.txt">
      <Filter>소스 파일\HW1</Filter>
    </Text>
    <Text Include="..\..\..\..\Desktop\SCH_Univ\4rd_Grade_Second_Semester\자료구조 2\이중포인터 예제 2\이중포인터 예제\data_.txt">
      <Filter>소스 파일\HW1</Filter>
    </Text>
    <Text Include="data_3.txt">
      <Filter>소스 파일\HW2</Filter>
    </Text>
  </ItemGroup>
</Project>